// !$*UTF8*$!
{
	archiveVersion = 1;
	classes = {
	};
	objectVersion = 77;
	objects = {

/* Begin PBXBuildFile section */
		04D2162296BD74830EEF2EE3 /* screen_state.xcframework in Frameworks */ = {isa = PBXBuildFile; fileRef = 809606982FCDA62C001E378A /* screen_state.xcframework */; };
		0A9EEEB25FE089E88E06070C /* google_sign_in_ios.xcframework in Frameworks */ = {isa = PBXBuildFile; fileRef = 8096068B2FCDA62C001E378A /* google_sign_in_ios.xcframework */; };
		0BBB40A5662975997B11E5EC /* restart_app.xcframework in Embed Frameworks */ = {isa = PBXBuildFile; fileRef = 809606972FCDA62C001E378A /* restart_app.xcframework */; settings = {ATTRIBUTES = (CodeSignOnCopy, RemoveHeadersOnCopy, ); }; };
		139C679BCCF8539E6D1191B8 /* DKImagePickerController.xcframework in Frameworks */ = {isa = PBXBuildFile; fileRef = 809606812FCDA62C001E378A /* DKImagePickerController.xcframework */; };
		15BE7A41B873132F45FF082C /* screen_state.xcframework in Embed Frameworks */ = {isa = PBXBuildFile; fileRef = 809606982FCDA62C001E378A /* screen_state.xcframework */; settings = {ATTRIBUTES = (CodeSignOnCopy, RemoveHeadersOnCopy, ); }; };
		1908D0D77053A6CFF4F4A73B /* flutter_local_notifications.xcframework in Embed Frameworks */ = {isa = PBXBuildFile; fileRef = 809606882FCDA62C001E378A /* flutter_local_notifications.xcframework */; settings = {ATTRIBUTES = (CodeSignOnCopy, RemoveHeadersOnCopy, ); }; };
		2021D7C63439FED0D14D262F /* video_player_avfoundation.xcframework in Embed Frameworks */ = {isa = PBXBuildFile; fileRef = 8096069E2FCDA62C001E378A /* video_player_avfoundation.xcframework */; settings = {ATTRIBUTES = (CodeSignOnCopy, RemoveHeadersOnCopy, ); }; };
		20674314E4BAE2EE5F048BA1 /* app_settings.xcframework in Frameworks */ = {isa = PBXBuildFile; fileRef = 8096067B2FCDA62C001E378A /* app_settings.xcframework */; };
		21C686BA0E89840DCA87021E /* permission_handler_apple.xcframework in Frameworks */ = {isa = PBXBuildFile; fileRef = 809606962FCDA62C001E378A /* permission_handler_apple.xcframework */; };
		29147143CCFA93B9714ADA16 /* shared_preferences_foundation.xcframework in Frameworks */ = {isa = PBXBuildFile; fileRef = 8096069A2FCDA62C001E378A /* shared_preferences_foundation.xcframework */; };
		29E91E2C53B437F4F3241431 /* GoogleUtilities.xcframework in Embed Frameworks */ = {isa = PBXBuildFile; fileRef = 8096068D2FCDA62C001E378A /* GoogleUtilities.xcframework */; settings = {ATTRIBUTES = (CodeSignOnCopy, RemoveHeadersOnCopy, ); }; };
		2B53868129DBEDD1E53ED13C /* sqflite_darwin.xcframework in Embed Frameworks */ = {isa = PBXBuildFile; fileRef = 8096069B2FCDA62C001E378A /* sqflite_darwin.xcframework */; settings = {ATTRIBUTES = (CodeSignOnCopy, RemoveHeadersOnCopy, ); }; };
		30AF2C6632795EBDF12E7B5D /* package_info_plus.xcframework in Frameworks */ = {isa = PBXBuildFile; fileRef = 809606942FCDA62C001E378A /* package_info_plus.xcframework */; };
		335A885F35550887EF735A2F /* audioplayers_darwin.xcframework in Embed Frameworks */ = {isa = PBXBuildFile; fileRef = 8096067E2FCDA62C001E378A /* audioplayers_darwin.xcframework */; settings = {ATTRIBUTES = (CodeSignOnCopy, RemoveHeadersOnCopy, ); }; };
		36126D842B0928DFCD8AD41C /* AppCheckCore.xcframework in Frameworks */ = {isa = PBXBuildFile; fileRef = 8096067D2FCDA62C001E378A /* AppCheckCore.xcframework */; };
		3964458F9559F18424FFA8CD /* MapboxCommon.xcframework in Embed Frameworks */ = {isa = PBXBuildFile; fileRef = 488233258949FDFD740F1181 /* MapboxCommon.xcframework */; settings = {ATTRIBUTES = (CodeSignOnCopy, RemoveHeadersOnCopy, ); }; };
		3C2E6FDCDD4238A133BAE78B /* path_provider_foundation.xcframework in Embed Frameworks */ = {isa = PBXBuildFile; fileRef = 809606952FCDA62C001E378A /* path_provider_foundation.xcframework */; settings = {ATTRIBUTES = (CodeSignOnCopy, RemoveHeadersOnCopy, ); }; };
		40D2CC2AC073117BEDEA5504 /* restart_app.xcframework in Frameworks */ = {isa = PBXBuildFile; fileRef = 809606972FCDA62C001E378A /* restart_app.xcframework */; };
		44F859736C79D4B9C83ED3EF /* url_launcher_ios.xcframework in Frameworks */ = {isa = PBXBuildFile; fileRef = 8096069D2FCDA62C001E378A /* url_launcher_ios.xcframework */; };
		4B28C1FB4A36B66A6BE1F242 /* FlutterPluginRegistrant.xcframework in Frameworks */ = {isa = PBXBuildFile; fileRef = 809606892FCDA62C001E378A /* FlutterPluginRegistrant.xcframework */; };
		4D652F1061E3815844F68100 /* webview_flutter_wkwebview.xcframework in Embed Frameworks */ = {isa = PBXBuildFile; fileRef = 8096069F2FCDA62C001E378A /* webview_flutter_wkwebview.xcframework */; settings = {ATTRIBUTES = (CodeSignOnCopy, RemoveHeadersOnCopy, ); }; };
		54C7B62716BB4F09604FF5C8 /* fluttertoast.xcframework in Frameworks */ = {isa = PBXBuildFile; fileRef = 8096068A2FCDA62C001E378A /* fluttertoast.xcframework */; };
		599B44296EE4C03CE25712EF /* device_info_plus.xcframework in Frameworks */ = {isa = PBXBuildFile; fileRef = 809606802FCDA62C001E378A /* device_info_plus.xcframework */; };
		59CBC9B94A767FE82A25795D /* MapboxCoreMaps.xcframework in Frameworks */ = {isa = PBXBuildFile; fileRef = AB3ACC5248C916F99BD258E4 /* MapboxCoreMaps.xcframework */; };
		5E03ECCDEB0A864FF6DA5B1F /* device_info_plus.xcframework in Embed Frameworks */ = {isa = PBXBuildFile; fileRef = 809606802FCDA62C001E378A /* device_info_plus.xcframework */; settings = {ATTRIBUTES = (CodeSignOnCopy, RemoveHeadersOnCopy, ); }; };
		66AD0ED44C2229444914024B /* webview_flutter_wkwebview.xcframework in Frameworks */ = {isa = PBXBuildFile; fileRef = 8096069F2FCDA62C001E378A /* webview_flutter_wkwebview.xcframework */; };
		69AB8ACF1B89B2F037C66C2C /* MapboxMaps.xcframework in Frameworks */ = {isa = PBXBuildFile; fileRef = 809606932FCDA62C001E378A /* MapboxMaps.xcframework */; };
		6AFDDE5144D5C040841569A7 /* shared_preferences_foundation.xcframework in Embed Frameworks */ = {isa = PBXBuildFile; fileRef = 8096069A2FCDA62C001E378A /* shared_preferences_foundation.xcframework */; settings = {ATTRIBUTES = (CodeSignOnCopy, RemoveHeadersOnCopy, ); }; };
		6BB6839E48EF6EA6A5E3C8FE /* flutter_local_notifications.xcframework in Frameworks */ = {isa = PBXBuildFile; fileRef = 809606882FCDA62C001E378A /* flutter_local_notifications.xcframework */; };
		6D2DE50DF12BB120C490FAD6 /* GTMSessionFetcher.xcframework in Embed Frameworks */ = {isa = PBXBuildFile; fileRef = 8096068F2FCDA62C001E378A /* GTMSessionFetcher.xcframework */; settings = {ATTRIBUTES = (CodeSignOnCopy, RemoveHeadersOnCopy, ); }; };
		6DE53785FED1A8C4BE4C96CB /* fluttertoast.xcframework in Embed Frameworks */ = {isa = PBXBuildFile; fileRef = 8096068A2FCDA62C001E378A /* fluttertoast.xcframework */; settings = {ATTRIBUTES = (CodeSignOnCopy, RemoveHeadersOnCopy, ); }; };
		6FEC38416EA5630BB7BB5B21 /* connectivity_plus.xcframework in Frameworks */ = {isa = PBXBuildFile; fileRef = 8096067F2FCDA62C001E378A /* connectivity_plus.xcframework */; };
		7225FBDC4E5BF7B170C977D6 /* flutter_foreground_task.xcframework in Embed Frameworks */ = {isa = PBXBuildFile; fileRef = 809606872FCDA62C001E378A /* flutter_foreground_task.xcframework */; settings = {ATTRIBUTES = (CodeSignOnCopy, RemoveHeadersOnCopy, ); }; };
		750B26DA126B246947C291AD /* AppAuth.xcframework in Frameworks */ = {isa = PBXBuildFile; fileRef = 8096067C2FCDA62C001E378A /* AppAuth.xcframework */; };
		7A1C877A58949EDB41B9C083 /* FlutterPluginRegistrant.xcframework in Embed Frameworks */ = {isa = PBXBuildFile; fileRef = 809606892FCDA62C001E378A /* FlutterPluginRegistrant.xcframework */; settings = {ATTRIBUTES = (CodeSignOnCopy, RemoveHeadersOnCopy, ); }; };
		7D6838FC7F59B2E6E2ABF9B7 /* flutter_background_service_ios.xcframework in Embed Frameworks */ = {isa = PBXBuildFile; fileRef = 809606862FCDA62C001E378A /* flutter_background_service_ios.xcframework */; settings = {ATTRIBUTES = (CodeSignOnCopy, RemoveHeadersOnCopy, ); }; };
		7D8E44DF803CBF8A46C51C61 /* MapboxCommon.xcframework in Frameworks */ = {isa = PBXBuildFile; fileRef = 488233258949FDFD740F1181 /* MapboxCommon.xcframework */; };
		7E020F7B7BDB1C0CB092677A /* url_launcher_ios.xcframework in Embed Frameworks */ = {isa = PBXBuildFile; fileRef = 8096069D2FCDA62C001E378A /* url_launcher_ios.xcframework */; settings = {ATTRIBUTES = (CodeSignOnCopy, RemoveHeadersOnCopy, ); }; };
		7E9EFDEEB01D41344A4A1B77 /* Turf.xcframework in Embed Frameworks */ = {isa = PBXBuildFile; fileRef = E9091E52992FD73CC874F47D /* Turf.xcframework */; settings = {ATTRIBUTES = (CodeSignOnCopy, RemoveHeadersOnCopy, ); }; };
		809606F22FCDA689001E378A /* App.xcframework in Frameworks */ = {isa = PBXBuildFile; fileRef = 8096067A2FCDA62C001E378A /* App.xcframework */; };
		809606F32FCDA689001E378A /* App.xcframework in Embed Frameworks */ = {isa = PBXBuildFile; fileRef = 8096067A2FCDA62C001E378A /* App.xcframework */; settings = {ATTRIBUTES = (CodeSignOnCopy, RemoveHeadersOnCopy, ); }; };
		809606F52FCDA893001E378A /* Flutter.xcframework in Frameworks */ = {isa = PBXBuildFile; fileRef = 809606852FCDA62C001E378A /* Flutter.xcframework */; };
		809606F62FCDA893001E378A /* Flutter.xcframework in Embed Frameworks */ = {isa = PBXBuildFile; fileRef = 809606852FCDA62C001E378A /* Flutter.xcframework */; settings = {ATTRIBUTES = (CodeSignOnCopy, RemoveHeadersOnCopy, ); }; };
		8825C080605BF6E7FD013A83 /* mapbox_maps_flutter.xcframework in Embed Frameworks */ = {isa = PBXBuildFile; fileRef = 809606922FCDA62C001E378A /* mapbox_maps_flutter.xcframework */; settings = {ATTRIBUTES = (CodeSignOnCopy, RemoveHeadersOnCopy, ); }; };
		8AC3AC9C23E3D18BDB496BB8 /* FBLPromises.xcframework in Frameworks */ = {isa = PBXBuildFile; fileRef = 809606832FCDA62C001E378A /* FBLPromises.xcframework */; };
		8BF4AF69A06D0EBCD08BB47A /* SDWebImage.xcframework in Frameworks */ = {isa = PBXBuildFile; fileRef = 809606992FCDA62C001E378A /* SDWebImage.xcframework */; };
		9106036D3CFF589E603476A3 /* mapbox_maps_flutter.xcframework in Frameworks */ = {isa = PBXBuildFile; fileRef = 809606922FCDA62C001E378A /* mapbox_maps_flutter.xcframework */; };
		93CF624930CFC9C0E9DEA872 /* path_provider_foundation.xcframework in Frameworks */ = {isa = PBXBuildFile; fileRef = 809606952FCDA62C001E378A /* path_provider_foundation.xcframework */; };
		94D67CB375B40F0F6E391464 /* image_picker_ios.xcframework in Frameworks */ = {isa = PBXBuildFile; fileRef = 809606902FCDA62C001E378A /* image_picker_ios.xcframework */; };
		973CF3F9A50011A6BBF539E6 /* flutter_foreground_task.xcframework in Frameworks */ = {isa = PBXBuildFile; fileRef = 809606872FCDA62C001E378A /* flutter_foreground_task.xcframework */; };
		98F95E5D72438D10E9A7A134 /* flutter_background_service_ios.xcframework in Frameworks */ = {isa = PBXBuildFile; fileRef = 809606862FCDA62C001E378A /* flutter_background_service_ios.xcframework */; };
		99A45A59E2B2F578BCBC1E37 /* app_settings.xcframework in Embed Frameworks */ = {isa = PBXBuildFile; fileRef = 8096067B2FCDA62C001E378A /* app_settings.xcframework */; settings = {ATTRIBUTES = (CodeSignOnCopy, RemoveHeadersOnCopy, ); }; };
		9C915E202F0E8BF51F352BEB /* GoogleUtilities.xcframework in Frameworks */ = {isa = PBXBuildFile; fileRef = 8096068D2FCDA62C001E378A /* GoogleUtilities.xcframework */; };
		9E13B9FC1BAD2BC4B2F1CEC3 /* AppAuth.xcframework in Embed Frameworks */ = {isa = PBXBuildFile; fileRef = 8096067C2FCDA62C001E378A /* AppAuth.xcframework */; settings = {ATTRIBUTES = (CodeSignOnCopy, RemoveHeadersOnCopy, ); }; };
		A0F9B70988BF6BED7AFEF497 /* GoogleSignIn.xcframework in Embed Frameworks */ = {isa = PBXBuildFile; fileRef = 8096068C2FCDA62C001E378A /* GoogleSignIn.xcframework */; settings = {ATTRIBUTES = (CodeSignOnCopy, RemoveHeadersOnCopy, ); }; };
		A727AFA5ECD946D56F4BA924 /* GTMAppAuth.xcframework in Embed Frameworks */ = {isa = PBXBuildFile; fileRef = 8096068E2FCDA62C001E378A /* GTMAppAuth.xcframework */; settings = {ATTRIBUTES = (CodeSignOnCopy, RemoveHeadersOnCopy, ); }; };
		AC8A030582E9B599AE45A86E /* file_picker.xcframework in Frameworks */ = {isa = PBXBuildFile; fileRef = 809606842FCDA62C001E378A /* file_picker.xcframework */; };
		B264342AD7C77B1236E164BB /* google_sign_in_ios.xcframework in Embed Frameworks */ = {isa = PBXBuildFile; fileRef = 8096068B2FCDA62C001E378A /* google_sign_in_ios.xcframework */; settings = {ATTRIBUTES = (CodeSignOnCopy, RemoveHeadersOnCopy, ); }; };
		B36868819979BC608DB9FC86 /* audioplayers_darwin.xcframework in Frameworks */ = {isa = PBXBuildFile; fileRef = 8096067E2FCDA62C001E378A /* audioplayers_darwin.xcframework */; };
		B3A792C3F0C128970D12D383 /* image_picker_ios.xcframework in Embed Frameworks */ = {isa = PBXBuildFile; fileRef = 809606902FCDA62C001E378A /* image_picker_ios.xcframework */; settings = {ATTRIBUTES = (CodeSignOnCopy, RemoveHeadersOnCopy, ); }; };
		B63CAE1FDB8C7411088CAA07 /* GTMSessionFetcher.xcframework in Frameworks */ = {isa = PBXBuildFile; fileRef = 8096068F2FCDA62C001E378A /* GTMSessionFetcher.xcframework */; };
		B7EAEF25549D93413E53C6A8 /* MapboxCoreMaps.xcframework in Embed Frameworks */ = {isa = PBXBuildFile; fileRef = AB3ACC5248C916F99BD258E4 /* MapboxCoreMaps.xcframework */; settings = {ATTRIBUTES = (CodeSignOnCopy, RemoveHeadersOnCopy, ); }; };
		BA58E20014FCC5E961A14FA3 /* GTMAppAuth.xcframework in Frameworks */ = {isa = PBXBuildFile; fileRef = 8096068E2FCDA62C001E378A /* GTMAppAuth.xcframework */; };
		C9D55468D7FB524A3F0D7CE5 /* DKPhotoGallery.xcframework in Embed Frameworks */ = {isa = PBXBuildFile; fileRef = 809606822FCDA62C001E378A /* DKPhotoGallery.xcframework */; settings = {ATTRIBUTES = (CodeSignOnCopy, RemoveHeadersOnCopy, ); }; };
		D106B329986497840D5EE40C /* SDWebImage.xcframework in Embed Frameworks */ = {isa = PBXBuildFile; fileRef = 809606992FCDA62C001E378A /* SDWebImage.xcframework */; settings = {ATTRIBUTES = (CodeSignOnCopy, RemoveHeadersOnCopy, ); }; };
		D6B4E48766E7DF81736F4C82 /* AppCheckCore.xcframework in Embed Frameworks */ = {isa = PBXBuildFile; fileRef = 8096067D2FCDA62C001E378A /* AppCheckCore.xcframework */; settings = {ATTRIBUTES = (CodeSignOnCopy, RemoveHeadersOnCopy, ); }; };
		D7233C6B2BA717B7A84AC2D4 /* video_player_avfoundation.xcframework in Frameworks */ = {isa = PBXBuildFile; fileRef = 8096069E2FCDA62C001E378A /* video_player_avfoundation.xcframework */; };
		D81E360906E9145C8FA45848 /* SwiftyGif.xcframework in Embed Frameworks */ = {isa = PBXBuildFile; fileRef = 8096069C2FCDA62C001E378A /* SwiftyGif.xcframework */; settings = {ATTRIBUTES = (CodeSignOnCopy, RemoveHeadersOnCopy, ); }; };
		D95B6DF0B91195A71D439BDC /* Turf.xcframework in Frameworks */ = {isa = PBXBuildFile; fileRef = E9091E52992FD73CC874F47D /* Turf.xcframework */; };
		DD301A609D0B98F34D670220 /* MapboxMaps.xcframework in Embed Frameworks */ = {isa = PBXBuildFile; fileRef = 809606932FCDA62C001E378A /* MapboxMaps.xcframework */; settings = {ATTRIBUTES = (CodeSignOnCopy, RemoveHeadersOnCopy, ); }; };
		DE6D37A2939EE7D5EBA3FE2D /* package_info_plus.xcframework in Embed Frameworks */ = {isa = PBXBuildFile; fileRef = 809606942FCDA62C001E378A /* package_info_plus.xcframework */; settings = {ATTRIBUTES = (CodeSignOnCopy, RemoveHeadersOnCopy, ); }; };
		E0ECE3617FE7A38C822F69D8 /* permission_handler_apple.xcframework in Embed Frameworks */ = {isa = PBXBuildFile; fileRef = 809606962FCDA62C001E378A /* permission_handler_apple.xcframework */; settings = {ATTRIBUTES = (CodeSignOnCopy, RemoveHeadersOnCopy, ); }; };
		E3DD6AFE76187D35254973C8 /* connectivity_plus.xcframework in Embed Frameworks */ = {isa = PBXBuildFile; fileRef = 8096067F2FCDA62C001E378A /* connectivity_plus.xcframework */; settings = {ATTRIBUTES = (CodeSignOnCopy, RemoveHeadersOnCopy, ); }; };
		E57012E66B1BE75895C9BFC1 /* SwiftyGif.xcframework in Frameworks */ = {isa = PBXBuildFile; fileRef = 8096069C2FCDA62C001E378A /* SwiftyGif.xcframework */; };
		E5869B3A27BE0520C29844EA /* FBLPromises.xcframework in Embed Frameworks */ = {isa = PBXBuildFile; fileRef = 809606832FCDA62C001E378A /* FBLPromises.xcframework */; settings = {ATTRIBUTES = (CodeSignOnCopy, RemoveHeadersOnCopy, ); }; };
		E8AE4E57C5A74D697FA90B72 /* DKImagePickerController.xcframework in Embed Frameworks */ = {isa = PBXBuildFile; fileRef = 809606812FCDA62C001E378A /* DKImagePickerController.xcframework */; settings = {ATTRIBUTES = (CodeSignOnCopy, RemoveHeadersOnCopy, ); }; };
		E8B16D27B2FE4F0E128A21A3 /* sqflite_darwin.xcframework in Frameworks */ = {isa = PBXBuildFile; fileRef = 8096069B2FCDA62C001E378A /* sqflite_darwin.xcframework */; };
		EDA090AD2C24B20D6D938E7F /* GoogleSignIn.xcframework in Frameworks */ = {isa = PBXBuildFile; fileRef = 8096068C2FCDA62C001E378A /* GoogleSignIn.xcframework */; };
		EF66FBA4EE2A1E17886B923E /* file_picker.xcframework in Embed Frameworks */ = {isa = PBXBuildFile; fileRef = 809606842FCDA62C001E378A /* file_picker.xcframework */; settings = {ATTRIBUTES = (CodeSignOnCopy, RemoveHeadersOnCopy, ); }; };
		F39234608DE3BF241955B93C /* location.xcframework in Frameworks */ = {isa = PBXBuildFile; fileRef = 809606912FCDA62C001E378A /* location.xcframework */; };
		F62ED9185E3E7436B64B37C7 /* DKPhotoGallery.xcframework in Frameworks */ = {isa = PBXBuildFile; fileRef = 809606822FCDA62C001E378A /* DKPhotoGallery.xcframework */; };
		FBE9A1109AB709BC6765542D /* location.xcframework in Embed Frameworks */ = {isa = PBXBuildFile; fileRef = 809606912FCDA62C001E378A /* location.xcframework */; settings = {ATTRIBUTES = (CodeSignOnCopy, RemoveHeadersOnCopy, ); }; };
/* End PBXBuildFile section */

/* Begin PBXContainerItemProxy section */
		8096065D2FCDA460001E378A /* PBXContainerItemProxy */ = {
			isa = PBXContainerItemProxy;
			containerPortal = 809606472FCDA45F001E378A /* Project object */;
			proxyType = 1;
			remoteGlobalIDString = 8096064E2FCDA45F001E378A;
			remoteInfo = zite_ios;
		};
		809606672FCDA460001E378A /* PBXContainerItemProxy */ = {
			isa = PBXContainerItemProxy;
			containerPortal = 809606472FCDA45F001E378A /* Project object */;
			proxyType = 1;
			remoteGlobalIDString = 8096064E2FCDA45F001E378A;
			remoteInfo = zite_ios;
		};
/* End PBXContainerItemProxy section */

/* Begin PBXCopyFilesBuildPhase section */
		809606F42FCDA689001E378A /* Embed Frameworks */ = {
			isa = PBXCopyFilesBuildPhase;
			buildActionMask = 2147483647;
			dstPath = "";
			dstSubfolderSpec = 10;
			files = (
				809606F62FCDA893001E378A /* Flutter.xcframework in Embed Frameworks */,
				809606F32FCDA689001E378A /* App.xcframework in Embed Frameworks */,
				7A1C877A58949EDB41B9C083 /* FlutterPluginRegistrant.xcframework in Embed Frameworks */,
				99A45A59E2B2F578BCBC1E37 /* app_settings.xcframework in Embed Frameworks */,
				9E13B9FC1BAD2BC4B2F1CEC3 /* AppAuth.xcframework in Embed Frameworks */,
				D6B4E48766E7DF81736F4C82 /* AppCheckCore.xcframework in Embed Frameworks */,
				335A885F35550887EF735A2F /* audioplayers_darwin.xcframework in Embed Frameworks */,
				E3DD6AFE76187D35254973C8 /* connectivity_plus.xcframework in Embed Frameworks */,
				5E03ECCDEB0A864FF6DA5B1F /* device_info_plus.xcframework in Embed Frameworks */,
				E8AE4E57C5A74D697FA90B72 /* DKImagePickerController.xcframework in Embed Frameworks */,
				C9D55468D7FB524A3F0D7CE5 /* DKPhotoGallery.xcframework in Embed Frameworks */,
				E5869B3A27BE0520C29844EA /* FBLPromises.xcframework in Embed Frameworks */,
				EF66FBA4EE2A1E17886B923E /* file_picker.xcframework in Embed Frameworks */,
				7D6838FC7F59B2E6E2ABF9B7 /* flutter_background_service_ios.xcframework in Embed Frameworks */,
				7225FBDC4E5BF7B170C977D6 /* flutter_foreground_task.xcframework in Embed Frameworks */,
				1908D0D77053A6CFF4F4A73B /* flutter_local_notifications.xcframework in Embed Frameworks */,
				6DE53785FED1A8C4BE4C96CB /* fluttertoast.xcframework in Embed Frameworks */,
				B264342AD7C77B1236E164BB /* google_sign_in_ios.xcframework in Embed Frameworks */,
				A0F9B70988BF6BED7AFEF497 /* GoogleSignIn.xcframework in Embed Frameworks */,
				29E91E2C53B437F4F3241431 /* GoogleUtilities.xcframework in Embed Frameworks */,
				A727AFA5ECD946D56F4BA924 /* GTMAppAuth.xcframework in Embed Frameworks */,
				6D2DE50DF12BB120C490FAD6 /* GTMSessionFetcher.xcframework in Embed Frameworks */,
				B3A792C3F0C128970D12D383 /* image_picker_ios.xcframework in Embed Frameworks */,
				FBE9A1109AB709BC6765542D /* location.xcframework in Embed Frameworks */,
				8825C080605BF6E7FD013A83 /* mapbox_maps_flutter.xcframework in Embed Frameworks */,
				DD301A609D0B98F34D670220 /* MapboxMaps.xcframework in Embed Frameworks */,
				DE6D37A2939EE7D5EBA3FE2D /* package_info_plus.xcframework in Embed Frameworks */,
				3C2E6FDCDD4238A133BAE78B /* path_provider_foundation.xcframework in Embed Frameworks */,
				E0ECE3617FE7A38C822F69D8 /* permission_handler_apple.xcframework in Embed Frameworks */,
				0BBB40A5662975997B11E5EC /* restart_app.xcframework in Embed Frameworks */,
				15BE7A41B873132F45FF082C /* screen_state.xcframework in Embed Frameworks */,
				D106B329986497840D5EE40C /* SDWebImage.xcframework in Embed Frameworks */,
				6AFDDE5144D5C040841569A7 /* shared_preferences_foundation.xcframework in Embed Frameworks */,
				2B53868129DBEDD1E53ED13C /* sqflite_darwin.xcframework in Embed Frameworks */,
				D81E360906E9145C8FA45848 /* SwiftyGif.xcframework in Embed Frameworks */,
				7E020F7B7BDB1C0CB092677A /* url_launcher_ios.xcframework in Embed Frameworks */,
				2021D7C63439FED0D14D262F /* video_player_avfoundation.xcframework in Embed Frameworks */,
				4D652F1061E3815844F68100 /* webview_flutter_wkwebview.xcframework in Embed Frameworks */,
				3964458F9559F18424FFA8CD /* MapboxCommon.xcframework in Embed Frameworks */,
				B7EAEF25549D93413E53C6A8 /* MapboxCoreMaps.xcframework in Embed Frameworks */,
				7E9EFDEEB01D41344A4A1B77 /* Turf.xcframework in Embed Frameworks */,
			);
			name = "Embed Frameworks";
			runOnlyForDeploymentPostprocessing = 0;
		};
/* End PBXCopyFilesBuildPhase section */

/* Begin PBXFileReference section */
		488233258949FDFD740F1181 /* MapboxCommon.xcframework */ = {isa = PBXFileReference; expectedSignature = "AppleDeveloperProgram:GJZR2MEM28:Mapbox, Inc."; includeInIndex = 1; lastKnownFileType = wrapper.xcframework; name = MapboxCommon.xcframework; path = MapboxCommon/MapboxCommon.xcframework; sourceTree = "<group>"; };
		8096064F2FCDA45F001E378A /* zite_ios.app */ = {isa = PBXFileReference; explicitFileType = wrapper.application; includeInIndex = 0; path = zite_ios.app; sourceTree = BUILT_PRODUCTS_DIR; };
		8096065C2FCDA460001E378A /* zite_iosTests.xctest */ = {isa = PBXFileReference; explicitFileType = wrapper.cfbundle; includeInIndex = 0; path = zite_iosTests.xctest; sourceTree = BUILT_PRODUCTS_DIR; };
		809606662FCDA460001E378A /* zite_iosUITests.xctest */ = {isa = PBXFileReference; explicitFileType = wrapper.cfbundle; includeInIndex = 0; path = zite_iosUITests.xctest; sourceTree = BUILT_PRODUCTS_DIR; };
		8096067A2FCDA62C001E378A /* App.xcframework */ = {isa = PBXFileReference; lastKnownFileType = wrapper.xcframework; path = App.xcframework; sourceTree = "<group>"; };
		8096067B2FCDA62C001E378A /* app_settings.xcframework */ = {isa = PBXFileReference; lastKnownFileType = wrapper.xcframework; path = app_settings.xcframework; sourceTree = "<group>"; };
		8096067C2FCDA62C001E378A /* AppAuth.xcframework */ = {isa = PBXFileReference; lastKnownFileType = wrapper.xcframework; path = AppAuth.xcframework; sourceTree = "<group>"; };
		8096067D2FCDA62C001E378A /* AppCheckCore.xcframework */ = {isa = PBXFileReference; lastKnownFileType = wrapper.xcframework; path = AppCheckCore.xcframework; sourceTree = "<group>"; };
		8096067E2FCDA62C001E378A /* audioplayers_darwin.xcframework */ = {isa = PBXFileReference; lastKnownFileType = wrapper.xcframework; path = audioplayers_darwin.xcframework; sourceTree = "<group>"; };
		8096067F2FCDA62C001E378A /* connectivity_plus.xcframework */ = {isa = PBXFileReference; lastKnownFileType = wrapper.xcframework; path = connectivity_plus.xcframework; sourceTree = "<group>"; };
		809606802FCDA62C001E378A /* device_info_plus.xcframework */ = {isa = PBXFileReference; lastKnownFileType = wrapper.xcframework; path = device_info_plus.xcframework; sourceTree = "<group>"; };
		809606812FCDA62C001E378A /* DKImagePickerController.xcframework */ = {isa = PBXFileReference; lastKnownFileType = wrapper.xcframework; path = DKImagePickerController.xcframework; sourceTree = "<group>"; };
		809606822FCDA62C001E378A /* DKPhotoGallery.xcframework */ = {isa = PBXFileReference; lastKnownFileType = wrapper.xcframework; path = DKPhotoGallery.xcframework; sourceTree = "<group>"; };
		809606832FCDA62C001E378A /* FBLPromises.xcframework */ = {isa = PBXFileReference; lastKnownFileType = wrapper.xcframework; path = FBLPromises.xcframework; sourceTree = "<group>"; };
		809606842FCDA62C001E378A /* file_picker.xcframework */ = {isa = PBXFileReference; lastKnownFileType = wrapper.xcframework; path = file_picker.xcframework; sourceTree = "<group>"; };
		809606852FCDA62C001E378A /* Flutter.xcframework */ = {isa = PBXFileReference; expectedSignature = "AppleDeveloperProgram:S8QB4VV633:FLUTTER.IO LLC"; lastKnownFileType = wrapper.xcframework; path = Flutter.xcframework; sourceTree = "<group>"; };
		809606862FCDA62C001E378A /* flutter_background_service_ios.xcframework */ = {isa = PBXFileReference; lastKnownFileType = wrapper.xcframework; path = flutter_background_service_ios.xcframework; sourceTree = "<group>"; };
		809606872FCDA62C001E378A /* flutter_foreground_task.xcframework */ = {isa = PBXFileReference; lastKnownFileType = wrapper.xcframework; path = flutter_foreground_task.xcframework; sourceTree = "<group>"; };
		809606882FCDA62C001E378A /* flutter_local_notifications.xcframework */ = {isa = PBXFileReference; lastKnownFileType = wrapper.xcframework; path = flutter_local_notifications.xcframework; sourceTree = "<group>"; };
		809606892FCDA62C001E378A /* FlutterPluginRegistrant.xcframework */ = {isa = PBXFileReference; lastKnownFileType = wrapper.xcframework; path = FlutterPluginRegistrant.xcframework; sourceTree = "<group>"; };
		8096068A2FCDA62C001E378A /* fluttertoast.xcframework */ = {isa = PBXFileReference; lastKnownFileType = wrapper.xcframework; path = fluttertoast.xcframework; sourceTree = "<group>"; };
		8096068B2FCDA62C001E378A /* google_sign_in_ios.xcframework */ = {isa = PBXFileReference; lastKnownFileType = wrapper.xcframework; path = google_sign_in_ios.xcframework; sourceTree = "<group>"; };
		8096068C2FCDA62C001E378A /* GoogleSignIn.xcframework */ = {isa = PBXFileReference; lastKnownFileType = wrapper.xcframework; path = GoogleSignIn.xcframework; sourceTree = "<group>"; };
		8096068D2FCDA62C001E378A /* GoogleUtilities.xcframework */ = {isa = PBXFileReference; lastKnownFileType = wrapper.xcframework; path = GoogleUtilities.xcframework; sourceTree = "<group>"; };
		8096068E2FCDA62C001E378A /* GTMAppAuth.xcframework */ = {isa = PBXFileReference; lastKnownFileType = wrapper.xcframework; path = GTMAppAuth.xcframework; sourceTree = "<group>"; };
		8096068F2FCDA62C001E378A /* GTMSessionFetcher.xcframework */ = {isa = PBXFileReference; lastKnownFileType = wrapper.xcframework; path = GTMSessionFetcher.xcframework; sourceTree = "<group>"; };
		809606902FCDA62C001E378A /* image_picker_ios.xcframework */ = {isa = PBXFileReference; lastKnownFileType = wrapper.xcframework; path = image_picker_ios.xcframework; sourceTree = "<group>"; };
		809606912FCDA62C001E378A /* location.xcframework */ = {isa = PBXFileReference; lastKnownFileType = wrapper.xcframework; path = location.xcframework; sourceTree = "<group>"; };
		809606922FCDA62C001E378A /* mapbox_maps_flutter.xcframework */ = {isa = PBXFileReference; lastKnownFileType = wrapper.xcframework; path = mapbox_maps_flutter.xcframework; sourceTree = "<group>"; };
		809606932FCDA62C001E378A /* MapboxMaps.xcframework */ = {isa = PBXFileReference; lastKnownFileType = wrapper.xcframework; path = MapboxMaps.xcframework; sourceTree = "<group>"; };
		809606942FCDA62C001E378A /* package_info_plus.xcframework */ = {isa = PBXFileReference; lastKnownFileType = wrapper.xcframework; path = package_info_plus.xcframework; sourceTree = "<group>"; };
		809606952FCDA62C001E378A /* path_provider_foundation.xcframework */ = {isa = PBXFileReference; lastKnownFileType = wrapper.xcframework; path = path_provider_foundation.xcframework; sourceTree = "<group>"; };
		809606962FCDA62C001E378A /* permission_handler_apple.xcframework */ = {isa = PBXFileReference; lastKnownFileType = wrapper.xcframework; path = permission_handler_apple.xcframework; sourceTree = "<group>"; };
		809606972FCDA62C001E378A /* restart_app.xcframework */ = {isa = PBXFileReference; lastKnownFileType = wrapper.xcframework; path = restart_app.xcframework; sourceTree = "<group>"; };
		809606982FCDA62C001E378A /* screen_state.xcframework */ = {isa = PBXFileReference; lastKnownFileType = wrapper.xcframework; path = screen_state.xcframework; sourceTree = "<group>"; };
		809606992FCDA62C001E378A /* SDWebImage.xcframework */ = {isa = PBXFileReference; lastKnownFileType = wrapper.xcframework; path = SDWebImage.xcframework; sourceTree = "<group>"; };
		8096069A2FCDA62C001E378A /* shared_preferences_foundation.xcframework */ = {isa = PBXFileReference; lastKnownFileType = wrapper.xcframework; path = shared_preferences_foundation.xcframework; sourceTree = "<group>"; };
		8096069B2FCDA62C001E378A /* sqflite_darwin.xcframework */ = {isa = PBXFileReference; lastKnownFileType = wrapper.xcframework; path = sqflite_darwin.xcframework; sourceTree = "<group>"; };
		8096069C2FCDA62C001E378A /* SwiftyGif.xcframework */ = {isa = PBXFileReference; lastKnownFileType = wrapper.xcframework; path = SwiftyGif.xcframework; sourceTree = "<group>"; };
		8096069D2FCDA62C001E378A /* url_launcher_ios.xcframework */ = {isa = PBXFileReference; lastKnownFileType = wrapper.xcframework; path = url_launcher_ios.xcframework; sourceTree = "<group>"; };
		8096069E2FCDA62C001E378A /* video_player_avfoundation.xcframework */ = {isa = PBXFileReference; lastKnownFileType = wrapper.xcframework; path = video_player_avfoundation.xcframework; sourceTree = "<group>"; };
		8096069F2FCDA62C001E378A /* webview_flutter_wkwebview.xcframework */ = {isa = PBXFileReference; lastKnownFileType = wrapper.xcframework; path = webview_flutter_wkwebview.xcframework; sourceTree = "<group>"; };
		809606A12FCDA62C001E378A /* App.xcframework */ = {isa = PBXFileReference; lastKnownFileType = wrapper.xcframework; path = App.xcframework; sourceTree = "<group>"; };
		809606A22FCDA62C001E378A /* app_settings.xcframework */ = {isa = PBXFileReference; lastKnownFileType = wrapper.xcframework; path = app_settings.xcframework; sourceTree = "<group>"; };
		809606A32FCDA62C001E378A /* AppAuth.xcframework */ = {isa = PBXFileReference; lastKnownFileType = wrapper.xcframework; path = AppAuth.xcframework; sourceTree = "<group>"; };
		809606A42FCDA62C001E378A /* AppCheckCore.xcframework */ = {isa = PBXFileReference; lastKnownFileType = wrapper.xcframework; path = AppCheckCore.xcframework; sourceTree = "<group>"; };
		809606A52FCDA62C001E378A /* audioplayers_darwin.xcframework */ = {isa = PBXFileReference; lastKnownFileType = wrapper.xcframework; path = audioplayers_darwin.xcframework; sourceTree = "<group>"; };
		809606A62FCDA62C001E378A /* connectivity_plus.xcframework */ = {isa = PBXFileReference; lastKnownFileType = wrapper.xcframework; path = connectivity_plus.xcframework; sourceTree = "<group>"; };
		809606A72FCDA62C001E378A /* device_info_plus.xcframework */ = {isa = PBXFileReference; lastKnownFileType = wrapper.xcframework; path = device_info_plus.xcframework; sourceTree = "<group>"; };
		809606A82FCDA62C001E378A /* DKImagePickerController.xcframework */ = {isa = PBXFileReference; lastKnownFileType = wrapper.xcframework; path = DKImagePickerController.xcframework; sourceTree = "<group>"; };
		809606A92FCDA62C001E378A /* DKPhotoGallery.xcframework */ = {isa = PBXFileReference; lastKnownFileType = wrapper.xcframework; path = DKPhotoGallery.xcframework; sourceTree = "<group>"; };
		809606AA2FCDA62C001E378A /* FBLPromises.xcframework */ = {isa = PBXFileReference; lastKnownFileType = wrapper.xcframework; path = FBLPromises.xcframework; sourceTree = "<group>"; };
		809606AB2FCDA62C001E378A /* file_picker.xcframework */ = {isa = PBXFileReference; lastKnownFileType = wrapper.xcframework; path = file_picker.xcframework; sourceTree = "<group>"; };
		809606AC2FCDA62C001E378A /* Flutter.xcframework */ = {isa = PBXFileReference; lastKnownFileType = wrapper.xcframework; path = Flutter.xcframework; sourceTree = "<group>"; };
		809606AD2FCDA62C001E378A /* flutter_background_service_ios.xcframework */ = {isa = PBXFileReference; lastKnownFileType = wrapper.xcframework; path = flutter_background_service_ios.xcframework; sourceTree = "<group>"; };
		809606AE2FCDA62C001E378A /* flutter_foreground_task.xcframework */ = {isa = PBXFileReference; lastKnownFileType = wrapper.xcframework; path = flutter_foreground_task.xcframework; sourceTree = "<group>"; };
		809606AF2FCDA62C001E378A /* flutter_local_notifications.xcframework */ = {isa = PBXFileReference; lastKnownFileType = wrapper.xcframework; path = flutter_local_notifications.xcframework; sourceTree = "<group>"; };
		809606B02FCDA62C001E378A /* FlutterPluginRegistrant.xcframework */ = {isa = PBXFileReference; lastKnownFileType = wrapper.xcframework; path = FlutterPluginRegistrant.xcframework; sourceTree = "<group>"; };
		809606B12FCDA62C001E378A /* fluttertoast.xcframework */ = {isa = PBXFileReference; lastKnownFileType = wrapper.xcframework; path = fluttertoast.xcframework; sourceTree = "<group>"; };
		809606B22FCDA62C001E378A /* google_sign_in_ios.xcframework */ = {isa = PBXFileReference; lastKnownFileType = wrapper.xcframework; path = google_sign_in_ios.xcframework; sourceTree = "<group>"; };
		809606B32FCDA62C001E378A /* GoogleSignIn.xcframework */ = {isa = PBXFileReference; lastKnownFileType = wrapper.xcframework; path = GoogleSignIn.xcframework; sourceTree = "<group>"; };
		809606B42FCDA62C001E378A /* GoogleUtilities.xcframework */ = {isa = PBXFileReference; lastKnownFileType = wrapper.xcframework; path = GoogleUtilities.xcframework; sourceTree = "<group>"; };
		809606B52FCDA62C001E378A /* GTMAppAuth.xcframework */ = {isa = PBXFileReference; lastKnownFileType = wrapper.xcframework; path = GTMAppAuth.xcframework; sourceTree = "<group>"; };
		809606B62FCDA62C001E378A /* GTMSessionFetcher.xcframework */ = {isa = PBXFileReference; lastKnownFileType = wrapper.xcframework; path = GTMSessionFetcher.xcframework; sourceTree = "<group>"; };
		809606B72FCDA62C001E378A /* image_picker_ios.xcframework */ = {isa = PBXFileReference; lastKnownFileType = wrapper.xcframework; path = image_picker_ios.xcframework; sourceTree = "<group>"; };
		809606B82FCDA62C001E378A /* location.xcframework */ = {isa = PBXFileReference; lastKnownFileType = wrapper.xcframework; path = location.xcframework; sourceTree = "<group>"; };
		809606B92FCDA62C001E378A /* mapbox_maps_flutter.xcframework */ = {isa = PBXFileReference; lastKnownFileType = wrapper.xcframework; path = mapbox_maps_flutter.xcframework; sourceTree = "<group>"; };
		809606BA2FCDA62C001E378A /* MapboxMaps.xcframework */ = {isa = PBXFileReference; lastKnownFileType = wrapper.xcframework; path = MapboxMaps.xcframework; sourceTree = "<group>"; };
		809606BB2FCDA62C001E378A /* package_info_plus.xcframework */ = {isa = PBXFileReference; lastKnownFileType = wrapper.xcframework; path = package_info_plus.xcframework; sourceTree = "<group>"; };
		809606BC2FCDA62C001E378A /* path_provider_foundation.xcframework */ = {isa = PBXFileReference; lastKnownFileType = wrapper.xcframework; path = path_provider_foundation.xcframework; sourceTree = "<group>"; };
		809606BD2FCDA62C001E378A /* permission_handler_apple.xcframework */ = {isa = PBXFileReference; lastKnownFileType = wrapper.xcframework; path = permission_handler_apple.xcframework; sourceTree = "<group>"; };
		809606BE2FCDA62C001E378A /* restart_app.xcframework */ = {isa = PBXFileReference; lastKnownFileType = wrapper.xcframework; path = restart_app.xcframework; sourceTree = "<group>"; };
		809606BF2FCDA62C001E378A /* screen_state.xcframework */ = {isa = PBXFileReference; lastKnownFileType = wrapper.xcframework; path = screen_state.xcframework; sourceTree = "<group>"; };
		809606C02FCDA62C001E378A /* SDWebImage.xcframework */ = {isa = PBXFileReference; lastKnownFileType = wrapper.xcframework; path = SDWebImage.xcframework; sourceTree = "<group>"; };
		809606C12FCDA62C001E378A /* shared_preferences_foundation.xcframework */ = {isa = PBXFileReference; lastKnownFileType = wrapper.xcframework; path = shared_preferences_foundation.xcframework; sourceTree = "<group>"; };
		809606C22FCDA62C001E378A /* sqflite_darwin.xcframework */ = {isa = PBXFileReference; lastKnownFileType = wrapper.xcframework; path = sqflite_darwin.xcframework; sourceTree = "<group>"; };
		809606C32FCDA62C001E378A /* SwiftyGif.xcframework */ = {isa = PBXFileReference; lastKnownFileType = wrapper.xcframework; path = SwiftyGif.xcframework; sourceTree = "<group>"; };
		809606C42FCDA62C001E378A /* url_launcher_ios.xcframework */ = {isa = PBXFileReference; lastKnownFileType = wrapper.xcframework; path = url_launcher_ios.xcframework; sourceTree = "<group>"; };
		809606C52FCDA62C001E378A /* video_player_avfoundation.xcframework */ = {isa = PBXFileReference; lastKnownFileType = wrapper.xcframework; path = video_player_avfoundation.xcframework; sourceTree = "<group>"; };
		809606C62FCDA62C001E378A /* webview_flutter_wkwebview.xcframework */ = {isa = PBXFileReference; lastKnownFileType = wrapper.xcframework; path = webview_flutter_wkwebview.xcframework; sourceTree = "<group>"; };
		809606C82FCDA62C001E378A /* App.xcframework */ = {isa = PBXFileReference; lastKnownFileType = wrapper.xcframework; path = App.xcframework; sourceTree = "<group>"; };
		809606C92FCDA62C001E378A /* app_settings.xcframework */ = {isa = PBXFileReference; lastKnownFileType = wrapper.xcframework; path = app_settings.xcframework; sourceTree = "<group>"; };
		809606CA2FCDA62C001E378A /* AppAuth.xcframework */ = {isa = PBXFileReference; lastKnownFileType = wrapper.xcframework; path = AppAuth.xcframework; sourceTree = "<group>"; };
		809606CB2FCDA62C001E378A /* AppCheckCore.xcframework */ = {isa = PBXFileReference; lastKnownFileType = wrapper.xcframework; path = AppCheckCore.xcframework; sourceTree = "<group>"; };
		809606CC2FCDA62C001E378A /* audioplayers_darwin.xcframework */ = {isa = PBXFileReference; lastKnownFileType = wrapper.xcframework; path = audioplayers_darwin.xcframework; sourceTree = "<group>"; };
		809606CD2FCDA62C001E378A /* connectivity_plus.xcframework */ = {isa = PBXFileReference; lastKnownFileType = wrapper.xcframework; path = connectivity_plus.xcframework; sourceTree = "<group>"; };
		809606CE2FCDA62C001E378A /* device_info_plus.xcframework */ = {isa = PBXFileReference; lastKnownFileType = wrapper.xcframework; path = device_info_plus.xcframework; sourceTree = "<group>"; };
		809606CF2FCDA62C001E378A /* DKImagePickerController.xcframework */ = {isa = PBXFileReference; lastKnownFileType = wrapper.xcframework; path = DKImagePickerController.xcframework; sourceTree = "<group>"; };
		809606D02FCDA62C001E378A /* DKPhotoGallery.xcframework */ = {isa = PBXFileReference; lastKnownFileType = wrapper.xcframework; path = DKPhotoGallery.xcframework; sourceTree = "<group>"; };
		809606D12FCDA62C001E378A /* FBLPromises.xcframework */ = {isa = PBXFileReference; lastKnownFileType = wrapper.xcframework; path = FBLPromises.xcframework; sourceTree = "<group>"; };
		809606D22FCDA62C001E378A /* file_picker.xcframework */ = {isa = PBXFileReference; lastKnownFileType = wrapper.xcframework; path = file_picker.xcframework; sourceTree = "<group>"; };
		809606D32FCDA62C001E378A /* Flutter.xcframework */ = {isa = PBXFileReference; lastKnownFileType = wrapper.xcframework; path = Flutter.xcframework; sourceTree = "<group>"; };
		809606D42FCDA62C001E378A /* flutter_background_service_ios.xcframework */ = {isa = PBXFileReference; lastKnownFileType = wrapper.xcframework; path = flutter_background_service_ios.xcframework; sourceTree = "<group>"; };
		809606D52FCDA62C001E378A /* flutter_foreground_task.xcframework */ = {isa = PBXFileReference; lastKnownFileType = wrapper.xcframework; path = flutter_foreground_task.xcframework; sourceTree = "<group>"; };
		809606D62FCDA62C001E378A /* flutter_local_notifications.xcframework */ = {isa = PBXFileReference; lastKnownFileType = wrapper.xcframework; path = flutter_local_notifications.xcframework; sourceTree = "<group>"; };
		809606D72FCDA62C001E378A /* FlutterPluginRegistrant.xcframework */ = {isa = PBXFileReference; lastKnownFileType = wrapper.xcframework; path = FlutterPluginRegistrant.xcframework; sourceTree = "<group>"; };
		809606D82FCDA62C001E378A /* fluttertoast.xcframework */ = {isa = PBXFileReference; lastKnownFileType = wrapper.xcframework; path = fluttertoast.xcframework; sourceTree = "<group>"; };
		809606D92FCDA62C001E378A /* google_sign_in_ios.xcframework */ = {isa = PBXFileReference; lastKnownFileType = wrapper.xcframework; path = google_sign_in_ios.xcframework; sourceTree = "<group>"; };
		809606DA2FCDA62C001E378A /* GoogleSignIn.xcframework */ = {isa = PBXFileReference; lastKnownFileType = wrapper.xcframework; path = GoogleSignIn.xcframework; sourceTree = "<group>"; };
		809606DB2FCDA62C001E378A /* GoogleUtilities.xcframework */ = {isa = PBXFileReference; lastKnownFileType = wrapper.xcframework; path = GoogleUtilities.xcframework; sourceTree = "<group>"; };
		809606DC2FCDA62C001E378A /* GTMAppAuth.xcframework */ = {isa = PBXFileReference; lastKnownFileType = wrapper.xcframework; path = GTMAppAuth.xcframework; sourceTree = "<group>"; };
		809606DD2FCDA62C001E378A /* GTMSessionFetcher.xcframework */ = {isa = PBXFileReference; lastKnownFileType = wrapper.xcframework; path = GTMSessionFetcher.xcframework; sourceTree = "<group>"; };
		809606DE2FCDA62C001E378A /* image_picker_ios.xcframework */ = {isa = PBXFileReference; lastKnownFileType = wrapper.xcframework; path = image_picker_ios.xcframework; sourceTree = "<group>"; };
		809606DF2FCDA62C001E378A /* location.xcframework */ = {isa = PBXFileReference; lastKnownFileType = wrapper.xcframework; path = location.xcframework; sourceTree = "<group>"; };
		809606E02FCDA62C001E378A /* mapbox_maps_flutter.xcframework */ = {isa = PBXFileReference; lastKnownFileType = wrapper.xcframework; path = mapbox_maps_flutter.xcframework; sourceTree = "<group>"; };
		809606E12FCDA62C001E378A /* MapboxMaps.xcframework */ = {isa = PBXFileReference; lastKnownFileType = wrapper.xcframework; path = MapboxMaps.xcframework; sourceTree = "<group>"; };
		809606E22FCDA62C001E378A /* package_info_plus.xcframework */ = {isa = PBXFileReference; lastKnownFileType = wrapper.xcframework; path = package_info_plus.xcframework; sourceTree = "<group>"; };
		809606E32FCDA62C001E378A /* path_provider_foundation.xcframework */ = {isa = PBXFileReference; lastKnownFileType = wrapper.xcframework; path = path_provider_foundation.xcframework; sourceTree = "<group>"; };
		809606E42FCDA62C001E378A /* permission_handler_apple.xcframework */ = {isa = PBXFileReference; lastKnownFileType = wrapper.xcframework; path = permission_handler_apple.xcframework; sourceTree = "<group>"; };
		809606E52FCDA62C001E378A /* restart_app.xcframework */ = {isa = PBXFileReference; lastKnownFileType = wrapper.xcframework; path = restart_app.xcframework; sourceTree = "<group>"; };
		809606E62FCDA62C001E378A /* screen_state.xcframework */ = {isa = PBXFileReference; lastKnownFileType = wrapper.xcframework; path = screen_state.xcframework; sourceTree = "<group>"; };
		809606E72FCDA62C001E378A /* SDWebImage.xcframework */ = {isa = PBXFileReference; lastKnownFileType = wrapper.xcframework; path = SDWebImage.xcframework; sourceTree = "<group>"; };
		809606E82FCDA62C001E378A /* shared_preferences_foundation.xcframework */ = {isa = PBXFileReference; lastKnownFileType = wrapper.xcframework; path = shared_preferences_foundation.xcframework; sourceTree = "<group>"; };
		809606E92FCDA62C001E378A /* sqflite_darwin.xcframework */ = {isa = PBXFileReference; lastKnownFileType = wrapper.xcframework; path = sqflite_darwin.xcframework; sourceTree = "<group>"; };
		809606EA2FCDA62C001E378A /* SwiftyGif.xcframework */ = {isa = PBXFileReference; lastKnownFileType = wrapper.xcframework; path = SwiftyGif.xcframework; sourceTree = "<group>"; };
		809606EB2FCDA62C001E378A /* url_launcher_ios.xcframework */ = {isa = PBXFileReference; lastKnownFileType = wrapper.xcframework; path = url_launcher_ios.xcframework; sourceTree = "<group>"; };
		809606EC2FCDA62C001E378A /* video_player_avfoundation.xcframework */ = {isa = PBXFileReference; lastKnownFileType = wrapper.xcframework; path = video_player_avfoundation.xcframework; sourceTree = "<group>"; };
		809606ED2FCDA62C001E378A /* webview_flutter_wkwebview.xcframework */ = {isa = PBXFileReference; lastKnownFileType = wrapper.xcframework; path = webview_flutter_wkwebview.xcframework; sourceTree = "<group>"; };
		809606EF2FCDA62C001E378A /* flutter_lldb_helper.py */ = {isa = PBXFileReference; lastKnownFileType = text.script.python; path = flutter_lldb_helper.py; sourceTree = "<group>"; };
		809606F02FCDA62C001E378A /* flutter_lldbinit */ = {isa = PBXFileReference; lastKnownFileType = text; path = flutter_lldbinit; sourceTree = "<group>"; };
		AB3ACC5248C916F99BD258E4 /* MapboxCoreMaps.xcframework */ = {isa = PBXFileReference; expectedSignature = "AppleDeveloperProgram:GJZR2MEM28:Mapbox, Inc."; includeInIndex = 1; lastKnownFileType = wrapper.xcframework; name = MapboxCoreMaps.xcframework; path = MapboxCoreMaps/MapboxCoreMaps.xcframework; sourceTree = "<group>"; };
		E9091E52992FD73CC874F47D /* Turf.xcframework */ = {isa = PBXFileReference; expectedSignature = "AppleDeveloperProgram:GJZR2MEM28:Mapbox, Inc."; includeInIndex = 1; lastKnownFileType = wrapper.xcframework; name = Turf.xcframework; path = Turf/Turf.xcframework; sourceTree = "<group>"; };
/* End PBXFileReference section */

/* Begin PBXFileSystemSynchronizedRootGroup section */
		809606512FCDA45F001E378A /* zite_ios */ = {
			isa = PBXFileSystemSynchronizedRootGroup;
			path = zite_ios;
			sourceTree = "<group>";
		};
		8096065F2FCDA460001E378A /* zite_iosTests */ = {
			isa = PBXFileSystemSynchronizedRootGroup;
			path = zite_iosTests;
			sourceTree = "<group>";
		};
		809606692FCDA460001E378A /* zite_iosUITests */ = {
			isa = PBXFileSystemSynchronizedRootGroup;
			path = zite_iosUITests;
			sourceTree = "<group>";
		};
/* End PBXFileSystemSynchronizedRootGroup section */

/* Begin PBXFrameworksBuildPhase section */
		8096064C2FCDA45F001E378A /* Frameworks */ = {
			isa = PBXFrameworksBuildPhase;
			buildActionMask = 2147483647;
			files = (
				809606F52FCDA893001E378A /* Flutter.xcframework in Frameworks */,
				809606F22FCDA689001E378A /* App.xcframework in Frameworks */,
				4B28C1FB4A36B66A6BE1F242 /* FlutterPluginRegistrant.xcframework in Frameworks */,
				20674314E4BAE2EE5F048BA1 /* app_settings.xcframework in Frameworks */,
				750B26DA126B246947C291AD /* AppAuth.xcframework in Frameworks */,
				36126D842B0928DFCD8AD41C /* AppCheckCore.xcframework in Frameworks */,
				B36868819979BC608DB9FC86 /* audioplayers_darwin.xcframework in Frameworks */,
				6FEC38416EA5630BB7BB5B21 /* connectivity_plus.xcframework in Frameworks */,
				599B44296EE4C03CE25712EF /* device_info_plus.xcframework in Frameworks */,
				139C679BCCF8539E6D1191B8 /* DKImagePickerController.xcframework in Frameworks */,
				F62ED9185E3E7436B64B37C7 /* DKPhotoGallery.xcframework in Frameworks */,
				8AC3AC9C23E3D18BDB496BB8 /* FBLPromises.xcframework in Frameworks */,
				AC8A030582E9B599AE45A86E /* file_picker.xcframework in Frameworks */,
				98F95E5D72438D10E9A7A134 /* flutter_background_service_ios.xcframework in Frameworks */,
				973CF3F9A50011A6BBF539E6 /* flutter_foreground_task.xcframework in Frameworks */,
				6BB6839E48EF6EA6A5E3C8FE /* flutter_local_notifications.xcframework in Frameworks */,
				54C7B62716BB4F09604FF5C8 /* fluttertoast.xcframework in Frameworks */,
				0A9EEEB25FE089E88E06070C /* google_sign_in_ios.xcframework in Frameworks */,
				EDA090AD2C24B20D6D938E7F /* GoogleSignIn.xcframework in Frameworks */,
				9C915E202F0E8BF51F352BEB /* GoogleUtilities.xcframework in Frameworks */,
				BA58E20014FCC5E961A14FA3 /* GTMAppAuth.xcframework in Frameworks */,
				B63CAE1FDB8C7411088CAA07 /* GTMSessionFetcher.xcframework in Frameworks */,
				94D67CB375B40F0F6E391464 /* image_picker_ios.xcframework in Frameworks */,
				F39234608DE3BF241955B93C /* location.xcframework in Frameworks */,
				9106036D3CFF589E603476A3 /* mapbox_maps_flutter.xcframework in Frameworks */,
				69AB8ACF1B89B2F037C66C2C /* MapboxMaps.xcframework in Frameworks */,
				30AF2C6632795EBDF12E7B5D /* package_info_plus.xcframework in Frameworks */,
				93CF624930CFC9C0E9DEA872 /* path_provider_foundation.xcframework in Frameworks */,
				21C686BA0E89840DCA87021E /* permission_handler_apple.xcframework in Frameworks */,
				40D2CC2AC073117BEDEA5504 /* restart_app.xcframework in Frameworks */,
				04D2162296BD74830EEF2EE3 /* screen_state.xcframework in Frameworks */,
				8BF4AF69A06D0EBCD08BB47A /* SDWebImage.xcframework in Frameworks */,
				29147143CCFA93B9714ADA16 /* shared_preferences_foundation.xcframework in Frameworks */,
				E8B16D27B2FE4F0E128A21A3 /* sqflite_darwin.xcframework in Frameworks */,
				E57012E66B1BE75895C9BFC1 /* SwiftyGif.xcframework in Frameworks */,
				44F859736C79D4B9C83ED3EF /* url_launcher_ios.xcframework in Frameworks */,
				D7233C6B2BA717B7A84AC2D4 /* video_player_avfoundation.xcframework in Frameworks */,
				66AD0ED44C2229444914024B /* webview_flutter_wkwebview.xcframework in Frameworks */,
				7D8E44DF803CBF8A46C51C61 /* MapboxCommon.xcframework in Frameworks */,
				59CBC9B94A767FE82A25795D /* MapboxCoreMaps.xcframework in Frameworks */,
				D95B6DF0B91195A71D439BDC /* Turf.xcframework in Frameworks */,
			);
			runOnlyForDeploymentPostprocessing = 0;
		};
		809606592FCDA460001E378A /* Frameworks */ = {
			isa = PBXFrameworksBuildPhase;
			buildActionMask = 2147483647;
			files = (
			);
			runOnlyForDeploymentPostprocessing = 0;
		};
		809606632FCDA460001E378A /* Frameworks */ = {
			isa = PBXFrameworksBuildPhase;
			buildActionMask = 2147483647;
			files = (
			);
			runOnlyForDeploymentPostprocessing = 0;
		};
/* End PBXFrameworksBuildPhase section */

/* Begin PBXGroup section */
		3780C1A2D7310361880DB188 /* Mapbox Dependencies */ = {
			isa = PBXGroup;
			children = (
				488233258949FDFD740F1181 /* MapboxCommon.xcframework */,
				AB3ACC5248C916F99BD258E4 /* MapboxCoreMaps.xcframework */,
				E9091E52992FD73CC874F47D /* Turf.xcframework */,
			);
			name = "Mapbox Dependencies";
			path = "../../NAXA/Zite Archive/zite-module-new/.ios/Pods";
			sourceTree = "<group>";
		};
		809606462FCDA45F001E378A = {
			isa = PBXGroup;
			children = (
				809606512FCDA45F001E378A /* zite_ios */,
				8096065F2FCDA460001E378A /* zite_iosTests */,
				809606692FCDA460001E378A /* zite_iosUITests */,
				809606792FCDA62C001E378A /* Frameworks */,
				809606502FCDA45F001E378A /* Products */,
				3780C1A2D7310361880DB188 /* Mapbox Dependencies */,
			);
			sourceTree = "<group>";
		};
		809606502FCDA45F001E378A /* Products */ = {
			isa = PBXGroup;
			children = (
				8096064F2FCDA45F001E378A /* zite_ios.app */,
				8096065C2FCDA460001E378A /* zite_iosTests.xctest */,
				809606662FCDA460001E378A /* zite_iosUITests.xctest */,
			);
			name = Products;
			sourceTree = "<group>";
		};
		809606792FCDA62C001E378A /* Frameworks */ = {
			isa = PBXGroup;
			children = (
				809606F12FCDA62C001E378A /* framework */,
			);
			name = Frameworks;
			sourceTree = "<group>";
		};
		809606A02FCDA62C001E378A /* Debug */ = {
			isa = PBXGroup;
			children = (
				8096067A2FCDA62C001E378A /* App.xcframework */,
				8096067B2FCDA62C001E378A /* app_settings.xcframework */,
				8096067C2FCDA62C001E378A /* AppAuth.xcframework */,
				8096067D2FCDA62C001E378A /* AppCheckCore.xcframework */,
				8096067E2FCDA62C001E378A /* audioplayers_darwin.xcframework */,
				8096067F2FCDA62C001E378A /* connectivity_plus.xcframework */,
				809606802FCDA62C001E378A /* device_info_plus.xcframework */,
				809606812FCDA62C001E378A /* DKImagePickerController.xcframework */,
				809606822FCDA62C001E378A /* DKPhotoGallery.xcframework */,
				809606832FCDA62C001E378A /* FBLPromises.xcframework */,
				809606842FCDA62C001E378A /* file_picker.xcframework */,
				809606852FCDA62C001E378A /* Flutter.xcframework */,
				809606862FCDA62C001E378A /* flutter_background_service_ios.xcframework */,
				809606872FCDA62C001E378A /* flutter_foreground_task.xcframework */,
				809606882FCDA62C001E378A /* flutter_local_notifications.xcframework */,
				809606892FCDA62C001E378A /* FlutterPluginRegistrant.xcframework */,
				8096068A2FCDA62C001E378A /* fluttertoast.xcframework */,
				8096068B2FCDA62C001E378A /* google_sign_in_ios.xcframework */,
				8096068C2FCDA62C001E378A /* GoogleSignIn.xcframework */,
				8096068D2FCDA62C001E378A /* GoogleUtilities.xcframework */,
				8096068E2FCDA62C001E378A /* GTMAppAuth.xcframework */,
				8096068F2FCDA62C001E378A /* GTMSessionFetcher.xcframework */,
				809606902FCDA62C001E378A /* image_picker_ios.xcframework */,
				809606912FCDA62C001E378A /* location.xcframework */,
				809606922FCDA62C001E378A /* mapbox_maps_flutter.xcframework */,
				809606932FCDA62C001E378A /* MapboxMaps.xcframework */,
				809606942FCDA62C001E378A /* package_info_plus.xcframework */,
				809606952FCDA62C001E378A /* path_provider_foundation.xcframework */,
				809606962FCDA62C001E378A /* permission_handler_apple.xcframework */,
				809606972FCDA62C001E378A /* restart_app.xcframework */,
				809606982FCDA62C001E378A /* screen_state.xcframework */,
				809606992FCDA62C001E378A /* SDWebImage.xcframework */,
				8096069A2FCDA62C001E378A /* shared_preferences_foundation.xcframework */,
				8096069B2FCDA62C001E378A /* sqflite_darwin.xcframework */,
				8096069C2FCDA62C001E378A /* SwiftyGif.xcframework */,
				8096069D2FCDA62C001E378A /* url_launcher_ios.xcframework */,
				8096069E2FCDA62C001E378A /* video_player_avfoundation.xcframework */,
				8096069F2FCDA62C001E378A /* webview_flutter_wkwebview.xcframework */,
			);
			path = Debug;
			sourceTree = "<group>";
		};
		809606C72FCDA62C001E378A /* Profile */ = {
			isa = PBXGroup;
			children = (
				809606A12FCDA62C001E378A /* App.xcframework */,
				809606A22FCDA62C001E378A /* app_settings.xcframework */,
				809606A32FCDA62C001E378A /* AppAuth.xcframework */,
				809606A42FCDA62C001E378A /* AppCheckCore.xcframework */,
				809606A52FCDA62C001E378A /* audioplayers_darwin.xcframework */,
				809606A62FCDA62C001E378A /* connectivity_plus.xcframework */,
				809606A72FCDA62C001E378A /* device_info_plus.xcframework */,
				809606A82FCDA62C001E378A /* DKImagePickerController.xcframework */,
				809606A92FCDA62C001E378A /* DKPhotoGallery.xcframework */,
				809606AA2FCDA62C001E378A /* FBLPromises.xcframework */,
				809606AB2FCDA62C001E378A /* file_picker.xcframework */,
				809606AC2FCDA62C001E378A /* Flutter.xcframework */,
				809606AD2FCDA62C001E378A /* flutter_background_service_ios.xcframework */,
				809606AE2FCDA62C001E378A /* flutter_foreground_task.xcframework */,
				809606AF2FCDA62C001E378A /* flutter_local_notifications.xcframework */,
				809606B02FCDA62C001E378A /* FlutterPluginRegistrant.xcframework */,
				809606B12FCDA62C001E378A /* fluttertoast.xcframework */,
				809606B22FCDA62C001E378A /* google_sign_in_ios.xcframework */,
				809606B32FCDA62C001E378A /* GoogleSignIn.xcframework */,
				809606B42FCDA62C001E378A /* GoogleUtilities.xcframework */,
				809606B52FCDA62C001E378A /* GTMAppAuth.xcframework */,
				809606B62FCDA62C001E378A /* GTMSessionFetcher.xcframework */,
				809606B72FCDA62C001E378A /* image_picker_ios.xcframework */,
				809606B82FCDA62C001E378A /* location.xcframework */,
				809606B92FCDA62C001E378A /* mapbox_maps_flutter.xcframework */,
				809606BA2FCDA62C001E378A /* MapboxMaps.xcframework */,
				809606BB2FCDA62C001E378A /* package_info_plus.xcframework */,
				809606BC2FCDA62C001E378A /* path_provider_foundation.xcframework */,
				809606BD2FCDA62C001E378A /* permission_handler_apple.xcframework */,
				809606BE2FCDA62C001E378A /* restart_app.xcframework */,
				809606BF2FCDA62C001E378A /* screen_state.xcframework */,
				809606C02FCDA62C001E378A /* SDWebImage.xcframework */,
				809606C12FCDA62C001E378A /* shared_preferences_foundation.xcframework */,
				809606C22FCDA62C001E378A /* sqflite_darwin.xcframework */,
				809606C32FCDA62C001E378A /* SwiftyGif.xcframework */,
				809606C42FCDA62C001E378A /* url_launcher_ios.xcframework */,
				809606C52FCDA62C001E378A /* video_player_avfoundation.xcframework */,
				809606C62FCDA62C001E378A /* webview_flutter_wkwebview.xcframework */,
			);
			path = Profile;
			sourceTree = "<group>";
		};
		809606EE2FCDA62C001E378A /* Release */ = {
			isa = PBXGroup;
			children = (
				809606C82FCDA62C001E378A /* App.xcframework */,
				809606C92FCDA62C001E378A /* app_settings.xcframework */,
				809606CA2FCDA62C001E378A /* AppAuth.xcframework */,
				809606CB2FCDA62C001E378A /* AppCheckCore.xcframework */,
				809606CC2FCDA62C001E378A /* audioplayers_darwin.xcframework */,
				809606CD2FCDA62C001E378A /* connectivity_plus.xcframework */,
				809606CE2FCDA62C001E378A /* device_info_plus.xcframework */,
				809606CF2FCDA62C001E378A /* DKImagePickerController.xcframework */,
				809606D02FCDA62C001E378A /* DKPhotoGallery.xcframework */,
				809606D12FCDA62C001E378A /* FBLPromises.xcframework */,
				809606D22FCDA62C001E378A /* file_picker.xcframework */,
				809606D32FCDA62C001E378A /* Flutter.xcframework */,
				809606D42FCDA62C001E378A /* flutter_background_service_ios.xcframework */,
				809606D52FCDA62C001E378A /* flutter_foreground_task.xcframework */,
				809606D62FCDA62C001E378A /* flutter_local_notifications.xcframework */,
				809606D72FCDA62C001E378A /* FlutterPluginRegistrant.xcframework */,
				809606D82FCDA62C001E378A /* fluttertoast.xcframework */,
				809606D92FCDA62C001E378A /* google_sign_in_ios.xcframework */,
				809606DA2FCDA62C001E378A /* GoogleSignIn.xcframework */,
				809606DB2FCDA62C001E378A /* GoogleUtilities.xcframework */,
				809606DC2FCDA62C001E378A /* GTMAppAuth.xcframework */,
				809606DD2FCDA62C001E378A /* GTMSessionFetcher.xcframework */,
				809606DE2FCDA62C001E378A /* image_picker_ios.xcframework */,
				809606DF2FCDA62C001E378A /* location.xcframework */,
				809606E02FCDA62C001E378A /* mapbox_maps_flutter.xcframework */,
				809606E12FCDA62C001E378A /* MapboxMaps.xcframework */,
				809606E22FCDA62C001E378A /* package_info_plus.xcframework */,
				809606E32FCDA62C001E378A /* path_provider_foundation.xcframework */,
				809606E42FCDA62C001E378A /* permission_handler_apple.xcframework */,
				809606E52FCDA62C001E378A /* restart_app.xcframework */,
				809606E62FCDA62C001E378A /* screen_state.xcframework */,
				809606E72FCDA62C001E378A /* SDWebImage.xcframework */,
				809606E82FCDA62C001E378A /* shared_preferences_foundation.xcframework */,
				809606E92FCDA62C001E378A /* sqflite_darwin.xcframework */,
				809606EA2FCDA62C001E378A /* SwiftyGif.xcframework */,
				809606EB2FCDA62C001E378A /* url_launcher_ios.xcframework */,
				809606EC2FCDA62C001E378A /* video_player_avfoundation.xcframework */,
				809606ED2FCDA62C001E378A /* webview_flutter_wkwebview.xcframework */,
			);
			path = Release;
			sourceTree = "<group>";
		};
		809606F12FCDA62C001E378A /* framework */ = {
			isa = PBXGroup;
			children = (
				809606A02FCDA62C001E378A /* Debug */,
				809606C72FCDA62C001E378A /* Profile */,
				809606EE2FCDA62C001E378A /* Release */,
				809606EF2FCDA62C001E378A /* flutter_lldb_helper.py */,
				809606F02FCDA62C001E378A /* flutter_lldbinit */,
			);
			name = framework;
			path = "../../NAXA/Zite Archive/zite-module-new/build/ios/framework";
			sourceTree = "<group>";
		};
/* End PBXGroup section */

/* Begin PBXNativeTarget section */
		8096064E2FCDA45F001E378A /* zite_ios */ = {
			isa = PBXNativeTarget;
			buildConfigurationList = 809606702FCDA460001E378A /* Build configuration list for PBXNativeTarget "zite_ios" */;
			buildPhases = (
				8096064B2FCDA45F001E378A /* Sources */,
				8096064C2FCDA45F001E378A /* Frameworks */,
				8096064D2FCDA45F001E378A /* Resources */,
				809606F42FCDA689001E378A /* Embed Frameworks */,
			);
			buildRules = (
			);
			dependencies = (
			);
			fileSystemSynchronizedGroups = (
				809606512FCDA45F001E378A /* zite_ios */,
			);
			name = zite_ios;
			productName = zite_ios;
			productReference = 8096064F2FCDA45F001E378A /* zite_ios.app */;
			productType = "com.apple.product-type.application";
		};
		8096065B2FCDA460001E378A /* zite_iosTests */ = {
			isa = PBXNativeTarget;
			buildConfigurationList = 809606732FCDA460001E378A /* Build configuration list for PBXNativeTarget "zite_iosTests" */;
			buildPhases = (
				809606582FCDA460001E378A /* Sources */,
				809606592FCDA460001E378A /* Frameworks */,
				8096065A2FCDA460001E378A /* Resources */,
			);
			buildRules = (
			);
			dependencies = (
				8096065E2FCDA460001E378A /* PBXTargetDependency */,
			);
			fileSystemSynchronizedGroups = (
				8096065F2FCDA460001E378A /* zite_iosTests */,
			);
			name = zite_iosTests;
			productName = zite_iosTests;
			productReference = 8096065C2FCDA460001E378A /* zite_iosTests.xctest */;
			productType = "com.apple.product-type.bundle.unit-test";
		};
		809606652FCDA460001E378A /* zite_iosUITests */ = {
			isa = PBXNativeTarget;
			buildConfigurationList = 809606762FCDA460001E378A /* Build configuration list for PBXNativeTarget "zite_iosUITests" */;
			buildPhases = (
				809606622FCDA460001E378A /* Sources */,
				809606632FCDA460001E378A /* Frameworks */,
				809606642FCDA460001E378A /* Resources */,
			);
			buildRules = (
			);
			dependencies = (
				809606682FCDA460001E378A /* PBXTargetDependency */,
			);
			fileSystemSynchronizedGroups = (
				809606692FCDA460001E378A /* zite_iosUITests */,
			);
			name = zite_iosUITests;
			productName = zite_iosUITests;
			productReference = 809606662FCDA460001E378A /* zite_iosUITests.xctest */;
			productType = "com.apple.product-type.bundle.ui-testing";
		};
/* End PBXNativeTarget section */

/* Begin PBXProject section */
		809606472FCDA45F001E378A /* Project object */ = {
			isa = PBXProject;
			attributes = {
				BuildIndependentTargetsInParallel = 1;
				LastSwiftUpdateCheck = 2640;
				LastUpgradeCheck = 2640;
				TargetAttributes = {
					8096064E2FCDA45F001E378A = {
						CreatedOnToolsVersion = 26.4.1;
					};
					8096065B2FCDA460001E378A = {
						CreatedOnToolsVersion = 26.4.1;
						TestTargetID = 8096064E2FCDA45F001E378A;
					};
					809606652FCDA460001E378A = {
						CreatedOnToolsVersion = 26.4.1;
						TestTargetID = 8096064E2FCDA45F001E378A;
					};
				};
			};
			buildConfigurationList = 8096064A2FCDA45F001E378A /* Build configuration list for PBXProject "zite_ios" */;
			developmentRegion = en;
			hasScannedForEncodings = 0;
			knownRegions = (
				en,
				Base,
			);
			mainGroup = 809606462FCDA45F001E378A;
			minimizedProjectReferenceProxies = 1;
			preferredProjectObjectVersion = 77;
			productRefGroup = 809606502FCDA45F001E378A /* Products */;
			projectDirPath = "";
			projectRoot = "";
			targets = (
				8096064E2FCDA45F001E378A /* zite_ios */,
				8096065B2FCDA460001E378A /* zite_iosTests */,
				809606652FCDA460001E378A /* zite_iosUITests */,
			);
		};
/* End PBXProject section */

/* Begin PBXResourcesBuildPhase section */
		8096064D2FCDA45F001E378A /* Resources */ = {
			isa = PBXResourcesBuildPhase;
			buildActionMask = 2147483647;
			files = (
			);
			runOnlyForDeploymentPostprocessing = 0;
		};
		8096065A2FCDA460001E378A /* Resources */ = {
			isa = PBXResourcesBuildPhase;
			buildActionMask = 2147483647;
			files = (
			);
			runOnlyForDeploymentPostprocessing = 0;
		};
		809606642FCDA460001E378A /* Resources */ = {
			isa = PBXResourcesBuildPhase;
			buildActionMask = 2147483647;
			files = (
			);
			runOnlyForDeploymentPostprocessing = 0;
		};
/* End PBXResourcesBuildPhase section */

/* Begin PBXSourcesBuildPhase section */
		8096064B2FCDA45F001E378A /* Sources */ = {
			isa = PBXSourcesBuildPhase;
			buildActionMask = 2147483647;
			files = (
			);
			runOnlyForDeploymentPostprocessing = 0;
		};
		809606582FCDA460001E378A /* Sources */ = {
			isa = PBXSourcesBuildPhase;
			buildActionMask = 2147483647;
			files = (
			);
			runOnlyForDeploymentPostprocessing = 0;
		};
		809606622FCDA460001E378A /* Sources */ = {
			isa = PBXSourcesBuildPhase;
			buildActionMask = 2147483647;
			files = (
			);
			runOnlyForDeploymentPostprocessing = 0;
		};
/* End PBXSourcesBuildPhase section */

/* Begin PBXTargetDependency section */
		8096065E2FCDA460001E378A /* PBXTargetDependency */ = {
			isa = PBXTargetDependency;
			target = 8096064E2FCDA45F001E378A /* zite_ios */;
			targetProxy = 8096065D2FCDA460001E378A /* PBXContainerItemProxy */;
		};
		809606682FCDA460001E378A /* PBXTargetDependency */ = {
			isa = PBXTargetDependency;
			target = 8096064E2FCDA45F001E378A /* zite_ios */;
			targetProxy = 809606672FCDA460001E378A /* PBXContainerItemProxy */;
		};
/* End PBXTargetDependency section */

/* Begin XCBuildConfiguration section */
		8096066E2FCDA460001E378A /* Debug */ = {
			isa = XCBuildConfiguration;
			buildSettings = {
				ALWAYS_SEARCH_USER_PATHS = NO;
				ASSETCATALOG_COMPILER_GENERATE_SWIFT_ASSET_SYMBOL_EXTENSIONS = YES;
				CLANG_ANALYZER_NONNULL = YES;
				CLANG_ANALYZER_NUMBER_OBJECT_CONVERSION = YES_AGGRESSIVE;
				CLANG_CXX_LANGUAGE_STANDARD = "gnu++20";
				CLANG_ENABLE_MODULES = YES;
				CLANG_ENABLE_OBJC_ARC = YES;
				CLANG_ENABLE_OBJC_WEAK = YES;
				CLANG_WARN_BLOCK_CAPTURE_AUTORELEASING = YES;
				CLANG_WARN_BOOL_CONVERSION = YES;
				CLANG_WARN_COMMA = YES;
				CLANG_WARN_CONSTANT_CONVERSION = YES;
				CLANG_WARN_DEPRECATED_OBJC_IMPLEMENTATIONS = YES;
				CLANG_WARN_DIRECT_OBJC_ISA_USAGE = YES_ERROR;
				CLANG_WARN_DOCUMENTATION_COMMENTS = YES;
				CLANG_WARN_EMPTY_BODY = YES;
				CLANG_WARN_ENUM_CONVERSION = YES;
				CLANG_WARN_INFINITE_RECURSION = YES;
				CLANG_WARN_INT_CONVERSION = YES;
				CLANG_WARN_NON_LITERAL_NULL_CONVERSION = YES;
				CLANG_WARN_OBJC_IMPLICIT_RETAIN_SELF = YES;
				CLANG_WARN_OBJC_LITERAL_CONVERSION = YES;
				CLANG_WARN_OBJC_ROOT_CLASS = YES_ERROR;
				CLANG_WARN_QUOTED_INCLUDE_IN_FRAMEWORK_HEADER = YES;
				CLANG_WARN_RANGE_LOOP_ANALYSIS = YES;
				CLANG_WARN_STRICT_PROTOTYPES = YES;
				CLANG_WARN_SUSPICIOUS_MOVE = YES;
				CLANG_WARN_UNGUARDED_AVAILABILITY = YES_AGGRESSIVE;
				CLANG_WARN_UNREACHABLE_CODE = YES;
				CLANG_WARN__DUPLICATE_METHOD_MATCH = YES;
				COPY_PHASE_STRIP = NO;
				DEBUG_INFORMATION_FORMAT = dwarf;
				ENABLE_STRICT_OBJC_MSGSEND = YES;
				ENABLE_TESTABILITY = YES;
				ENABLE_USER_SCRIPT_SANDBOXING = NO;
				GCC_C_LANGUAGE_STANDARD = gnu17;
				GCC_DYNAMIC_NO_PIC = NO;
				GCC_NO_COMMON_BLOCKS = YES;
				GCC_OPTIMIZATION_LEVEL = 0;
				GCC_PREPROCESSOR_DEFINITIONS = (
					"DEBUG=1",
					"$(inherited)",
				);
				GCC_WARN_64_TO_32_BIT_CONVERSION = YES;
				GCC_WARN_ABOUT_RETURN_TYPE = YES_ERROR;
				GCC_WARN_UNDECLARED_SELECTOR = YES;
				GCC_WARN_UNINITIALIZED_AUTOS = YES_AGGRESSIVE;
				GCC_WARN_UNUSED_FUNCTION = YES;
				GCC_WARN_UNUSED_VARIABLE = YES;
				IPHONEOS_DEPLOYMENT_TARGET = 26.4;
				LOCALIZATION_PREFERS_STRING_CATALOGS = YES;
				MTL_ENABLE_DEBUG_INFO = INCLUDE_SOURCE;
				MTL_FAST_MATH = YES;
				ONLY_ACTIVE_ARCH = YES;
				SDKROOT = iphoneos;
				SWIFT_ACTIVE_COMPILATION_CONDITIONS = "DEBUG $(inherited)";
				SWIFT_OPTIMIZATION_LEVEL = "-Onone";
			};
			name = Debug;
		};
		8096066F2FCDA460001E378A /* Release */ = {
			isa = XCBuildConfiguration;
			buildSettings = {
				ALWAYS_SEARCH_USER_PATHS = NO;
				ASSETCATALOG_COMPILER_GENERATE_SWIFT_ASSET_SYMBOL_EXTENSIONS = YES;
				CLANG_ANALYZER_NONNULL = YES;
				CLANG_ANALYZER_NUMBER_OBJECT_CONVERSION = YES_AGGRESSIVE;
				CLANG_CXX_LANGUAGE_STANDARD = "gnu++20";
				CLANG_ENABLE_MODULES = YES;
				CLANG_ENABLE_OBJC_ARC = YES;
				CLANG_ENABLE_OBJC_WEAK = YES;
				CLANG_WARN_BLOCK_CAPTURE_AUTORELEASING = YES;
				CLANG_WARN_BOOL_CONVERSION = YES;
				CLANG_WARN_COMMA = YES;
				CLANG_WARN_CONSTANT_CONVERSION = YES;
				CLANG_WARN_DEPRECATED_OBJC_IMPLEMENTATIONS = YES;
				CLANG_WARN_DIRECT_OBJC_ISA_USAGE = YES_ERROR;
				CLANG_WARN_DOCUMENTATION_COMMENTS = YES;
				CLANG_WARN_EMPTY_BODY = YES;
				CLANG_WARN_ENUM_CONVERSION = YES;
				CLANG_WARN_INFINITE_RECURSION = YES;
				CLANG_WARN_INT_CONVERSION = YES;
				CLANG_WARN_NON_LITERAL_NULL_CONVERSION = YES;
				CLANG_WARN_OBJC_IMPLICIT_RETAIN_SELF = YES;
				CLANG_WARN_OBJC_LITERAL_CONVERSION = YES;
				CLANG_WARN_OBJC_ROOT_CLASS = YES_ERROR;
				CLANG_WARN_QUOTED_INCLUDE_IN_FRAMEWORK_HEADER = YES;
				CLANG_WARN_RANGE_LOOP_ANALYSIS = YES;
				CLANG_WARN_STRICT_PROTOTYPES = YES;
				CLANG_WARN_SUSPICIOUS_MOVE = YES;
				CLANG_WARN_UNGUARDED_AVAILABILITY = YES_AGGRESSIVE;
				CLANG_WARN_UNREACHABLE_CODE = YES;
				CLANG_WARN__DUPLICATE_METHOD_MATCH = YES;
				COPY_PHASE_STRIP = NO;
				DEBUG_INFORMATION_FORMAT = "dwarf-with-dsym";
				ENABLE_NS_ASSERTIONS = NO;
				ENABLE_STRICT_OBJC_MSGSEND = YES;
				ENABLE_USER_SCRIPT_SANDBOXING = NO;
				GCC_C_LANGUAGE_STANDARD = gnu17;
				GCC_NO_COMMON_BLOCKS = YES;
				GCC_WARN_64_TO_32_BIT_CONVERSION = YES;
				GCC_WARN_ABOUT_RETURN_TYPE = YES_ERROR;
				GCC_WARN_UNDECLARED_SELECTOR = YES;
				GCC_WARN_UNINITIALIZED_AUTOS = YES_AGGRESSIVE;
				GCC_WARN_UNUSED_FUNCTION = YES;
				GCC_WARN_UNUSED_VARIABLE = YES;
				IPHONEOS_DEPLOYMENT_TARGET = 26.4;
				LOCALIZATION_PREFERS_STRING_CATALOGS = YES;
				MTL_ENABLE_DEBUG_INFO = NO;
				MTL_FAST_MATH = YES;
				SDKROOT = iphoneos;
				SWIFT_COMPILATION_MODE = wholemodule;
				VALIDATE_PRODUCT = YES;
			};
			name = Release;
		};
		809606712FCDA460001E378A /* Debug */ = {
			isa = XCBuildConfiguration;
			buildSettings = {
				ASSETCATALOG_COMPILER_APPICON_NAME = AppIcon;
				ASSETCATALOG_COMPILER_GLOBAL_ACCENT_COLOR_NAME = AccentColor;
				CODE_SIGN_STYLE = Automatic;
				CURRENT_PROJECT_VERSION = 1;
				ENABLE_PREVIEWS = YES;
				GENERATE_INFOPLIST_FILE = YES;
				INFOPLIST_KEY_UIApplicationSceneManifest_Generation = YES;
				INFOPLIST_KEY_NSCameraUsageDescription = "This app needs camera access to capture photos and videos for site, task, and form records.";
				INFOPLIST_KEY_NSLocationAlwaysAndWhenInUseUsageDescription = "This app needs location access to map sites, track field work, and attach coordinates to submissions.";
				INFOPLIST_KEY_NSLocationAlwaysUsageDescription = "This app needs location access to track field work when required by the project.";
				INFOPLIST_KEY_NSLocationWhenInUseUsageDescription = "This app needs location access to map sites and attach coordinates to submissions.";
				INFOPLIST_KEY_NSMicrophoneUsageDescription = "This app needs microphone access to record audio for task and form attachments.";
				INFOPLIST_KEY_NSPhotoLibraryAddUsageDescription = "This app needs permission to save captured media to your photo library.";
				INFOPLIST_KEY_NSPhotoLibraryUsageDescription = "This app needs photo library access to select images and videos for task and form attachments.";
				INFOPLIST_KEY_UIApplicationSupportsIndirectInputEvents = YES;
				INFOPLIST_KEY_UILaunchScreen_Generation = YES;
				INFOPLIST_KEY_UISupportedInterfaceOrientations_iPad = "UIInterfaceOrientationPortrait UIInterfaceOrientationPortraitUpsideDown UIInterfaceOrientationLandscapeLeft UIInterfaceOrientationLandscapeRight";
				INFOPLIST_KEY_UISupportedInterfaceOrientations_iPhone = "UIInterfaceOrientationPortrait UIInterfaceOrientationLandscapeLeft UIInterfaceOrientationLandscapeRight";
				LD_RUNPATH_SEARCH_PATHS = (
					"$(inherited)",
					"@executable_path/Frameworks",
				);
				MARKETING_VERSION = 1.0;
				PRODUCT_BUNDLE_IDENTIFIER = "ios-test-project.zite-ios";
				PRODUCT_NAME = "$(TARGET_NAME)";
				STRING_CATALOG_GENERATE_SYMBOLS = YES;
				SWIFT_APPROACHABLE_CONCURRENCY = YES;
				SWIFT_DEFAULT_ACTOR_ISOLATION = MainActor;
				SWIFT_EMIT_LOC_STRINGS = YES;
				SWIFT_UPCOMING_FEATURE_MEMBER_IMPORT_VISIBILITY = YES;
				SWIFT_VERSION = 5.0;
				TARGETED_DEVICE_FAMILY = "1,2";
			};
			name = Debug;
		};
		809606722FCDA460001E378A /* Release */ = {
			isa = XCBuildConfiguration;
			buildSettings = {
				ASSETCATALOG_COMPILER_APPICON_NAME = AppIcon;
				ASSETCATALOG_COMPILER_GLOBAL_ACCENT_COLOR_NAME = AccentColor;
				CODE_SIGN_STYLE = Automatic;
				CURRENT_PROJECT_VERSION = 1;
				ENABLE_PREVIEWS = YES;
				GENERATE_INFOPLIST_FILE = YES;
				INFOPLIST_KEY_UIApplicationSceneManifest_Generation = YES;
				INFOPLIST_KEY_NSCameraUsageDescription = "This app needs camera access to capture photos and videos for site, task, and form records.";
				INFOPLIST_KEY_NSLocationAlwaysAndWhenInUseUsageDescription = "This app needs location access to map sites, track field work, and attach coordinates to submissions.";
				INFOPLIST_KEY_NSLocationAlwaysUsageDescription = "This app needs location access to track field work when required by the project.";
				INFOPLIST_KEY_NSLocationWhenInUseUsageDescription = "This app needs location access to map sites and attach coordinates to submissions.";
				INFOPLIST_KEY_NSMicrophoneUsageDescription = "This app needs microphone access to record audio for task and form attachments.";
				INFOPLIST_KEY_NSPhotoLibraryAddUsageDescription = "This app needs permission to save captured media to your photo library.";
				INFOPLIST_KEY_NSPhotoLibraryUsageDescription = "This app needs photo library access to select images and videos for task and form attachments.";
				INFOPLIST_KEY_UIApplicationSupportsIndirectInputEvents = YES;
				INFOPLIST_KEY_UILaunchScreen_Generation = YES;
				INFOPLIST_KEY_UISupportedInterfaceOrientations_iPad = "UIInterfaceOrientationPortrait UIInterfaceOrientationPortraitUpsideDown UIInterfaceOrientationLandscapeLeft UIInterfaceOrientationLandscapeRight";
				INFOPLIST_KEY_UISupportedInterfaceOrientations_iPhone = "UIInterfaceOrientationPortrait UIInterfaceOrientationLandscapeLeft UIInterfaceOrientationLandscapeRight";
				LD_RUNPATH_SEARCH_PATHS = (
					"$(inherited)",
					"@executable_path/Frameworks",
				);
				MARKETING_VERSION = 1.0;
				PRODUCT_BUNDLE_IDENTIFIER = "ios-test-project.zite-ios";
				PRODUCT_NAME = "$(TARGET_NAME)";
				STRING_CATALOG_GENERATE_SYMBOLS = YES;
				SWIFT_APPROACHABLE_CONCURRENCY = YES;
				SWIFT_DEFAULT_ACTOR_ISOLATION = MainActor;
				SWIFT_EMIT_LOC_STRINGS = YES;
				SWIFT_UPCOMING_FEATURE_MEMBER_IMPORT_VISIBILITY = YES;
				SWIFT_VERSION = 5.0;
				TARGETED_DEVICE_FAMILY = "1,2";
			};
			name = Release;
		};
		809606742FCDA460001E378A /* Debug */ = {
			isa = XCBuildConfiguration;
			buildSettings = {
				BUNDLE_LOADER = "$(TEST_HOST)";
				CODE_SIGN_STYLE = Automatic;
				CURRENT_PROJECT_VERSION = 1;
				GENERATE_INFOPLIST_FILE = YES;
				IPHONEOS_DEPLOYMENT_TARGET = 26.4;
				MARKETING_VERSION = 1.0;
				PRODUCT_BUNDLE_IDENTIFIER = "ios-test-project.zite-iosTests";
				PRODUCT_NAME = "$(TARGET_NAME)";
				STRING_CATALOG_GENERATE_SYMBOLS = NO;
				SWIFT_APPROACHABLE_CONCURRENCY = YES;
				SWIFT_EMIT_LOC_STRINGS = NO;
				SWIFT_UPCOMING_FEATURE_MEMBER_IMPORT_VISIBILITY = YES;
				SWIFT_VERSION = 5.0;
				TARGETED_DEVICE_FAMILY = "1,2";
				TEST_HOST = "$(BUILT_PRODUCTS_DIR)/zite_ios.app/$(BUNDLE_EXECUTABLE_FOLDER_PATH)/zite_ios";
			};
			name = Debug;
		};
		809606752FCDA460001E378A /* Release */ = {
			isa = XCBuildConfiguration;
			buildSettings = {
				BUNDLE_LOADER = "$(TEST_HOST)";
				CODE_SIGN_STYLE = Automatic;
				CURRENT_PROJECT_VERSION = 1;
				GENERATE_INFOPLIST_FILE = YES;
				IPHONEOS_DEPLOYMENT_TARGET = 26.4;
				MARKETING_VERSION = 1.0;
				PRODUCT_BUNDLE_IDENTIFIER = "ios-test-project.zite-iosTests";
				PRODUCT_NAME = "$(TARGET_NAME)";
				STRING_CATALOG_GENERATE_SYMBOLS = NO;
				SWIFT_APPROACHABLE_CONCURRENCY = YES;
				SWIFT_EMIT_LOC_STRINGS = NO;
				SWIFT_UPCOMING_FEATURE_MEMBER_IMPORT_VISIBILITY = YES;
				SWIFT_VERSION = 5.0;
				TARGETED_DEVICE_FAMILY = "1,2";
				TEST_HOST = "$(BUILT_PRODUCTS_DIR)/zite_ios.app/$(BUNDLE_EXECUTABLE_FOLDER_PATH)/zite_ios";
			};
			name = Release;
		};
		809606772FCDA460001E378A /* Debug */ = {
			isa = XCBuildConfiguration;
			buildSettings = {
				CODE_SIGN_STYLE = Automatic;
				CURRENT_PROJECT_VERSION = 1;
				GENERATE_INFOPLIST_FILE = YES;
				MARKETING_VERSION = 1.0;
				PRODUCT_BUNDLE_IDENTIFIER = "ios-test-project.zite-iosUITests";
				PRODUCT_NAME = "$(TARGET_NAME)";
				STRING_CATALOG_GENERATE_SYMBOLS = NO;
				SWIFT_APPROACHABLE_CONCURRENCY = YES;
				SWIFT_EMIT_LOC_STRINGS = NO;
				SWIFT_UPCOMING_FEATURE_MEMBER_IMPORT_VISIBILITY = YES;
				SWIFT_VERSION = 5.0;
				TARGETED_DEVICE_FAMILY = "1,2";
				TEST_TARGET_NAME = zite_ios;
			};
			name = Debug;
		};
		809606782FCDA460001E378A /* Release */ = {
			isa = XCBuildConfiguration;
			buildSettings = {
				CODE_SIGN_STYLE = Automatic;
				CURRENT_PROJECT_VERSION = 1;
				GENERATE_INFOPLIST_FILE = YES;
				MARKETING_VERSION = 1.0;
				PRODUCT_BUNDLE_IDENTIFIER = "ios-test-project.zite-iosUITests";
				PRODUCT_NAME = "$(TARGET_NAME)";
				STRING_CATALOG_GENERATE_SYMBOLS = NO;
				SWIFT_APPROACHABLE_CONCURRENCY = YES;
				SWIFT_EMIT_LOC_STRINGS = NO;
				SWIFT_UPCOMING_FEATURE_MEMBER_IMPORT_VISIBILITY = YES;
				SWIFT_VERSION = 5.0;
				TARGETED_DEVICE_FAMILY = "1,2";
				TEST_TARGET_NAME = zite_ios;
			};
			name = Release;
		};
/* End XCBuildConfiguration section */

/* Begin XCConfigurationList section */
		8096064A2FCDA45F001E378A /* Build configuration list for PBXProject "zite_ios" */ = {
			isa = XCConfigurationList;
			buildConfigurations = (
				8096066E2FCDA460001E378A /* Debug */,
				8096066F2FCDA460001E378A /* Release */,
			);
			defaultConfigurationIsVisible = 0;
			defaultConfigurationName = Release;
		};
		809606702FCDA460001E378A /* Build configuration list for PBXNativeTarget "zite_ios" */ = {
			isa = XCConfigurationList;
			buildConfigurations = (
				809606712FCDA460001E378A /* Debug */,
				809606722FCDA460001E378A /* Release */,
			);
			defaultConfigurationIsVisible = 0;
			defaultConfigurationName = Release;
		};
		809606732FCDA460001E378A /* Build configuration list for PBXNativeTarget "zite_iosTests" */ = {
			isa = XCConfigurationList;
			buildConfigurations = (
				809606742FCDA460001E378A /* Debug */,
				809606752FCDA460001E378A /* Release */,
			);
			defaultConfigurationIsVisible = 0;
			defaultConfigurationName = Release;
		};
		809606762FCDA460001E378A /* Build configuration list for PBXNativeTarget "zite_iosUITests" */ = {
			isa = XCConfigurationList;
			buildConfigurations = (
				809606772FCDA460001E378A /* Debug */,
				809606782FCDA460001E378A /* Release */,
			);
			defaultConfigurationIsVisible = 0;
			defaultConfigurationName = Release;
		};
/* End XCConfigurationList section */
	};
	rootObject = 809606472FCDA45F001E378A /* Project object */;
}
